// !$*UTF8*$!
{
	archiveVersion = 1;
	classes = {
	};
	objectVersion = 56;
	objects = {

/* Begin PBXBuildFile section */
		3C3F5F9E2B7DBC23004C3BC0 /* main.cpp in Sources */ = {isa = PBXBuildFile; fileRef = 3C3F5F9D2B7DBC23004C3BC0 /* main.cpp */; };
		3C3F5FA92B7DBC96004C3BC0 /* ShaderProgram.cpp in Sources */ = {isa = PBXBuildFile; fileRef = 3C3F5FA62B7DBC95004C3BC0 /* ShaderProgram.cpp */; };
		3C3F5FAC2B7DBD50004C3BC0 /* OpenGL.framework in Frameworks */ = {isa = PBXBuildFile; fileRef = 3C3F5FAB2B7DBD50004C3BC0 /* OpenGL.framework */; };
		3C3F5FAE2B7DBD5F004C3BC0 /* Cocoa.framework in Frameworks */ = {isa = PBXBuildFile; fileRef = 3C3F5FAD2B7DBD5F004C3BC0 /* Cocoa.framework */; };
		3C3F5FB22B7DBD71004C3BC0 /* SDL2.framework in Frameworks */ = {isa = PBXBuildFile; fileRef = 3C3F5FAF2B7DBD71004C3BC0 /* SDL2.framework */; };
		3C3F5FB32B7DBD71004C3BC0 /* SDL2_image.framework in Frameworks */ = {isa = PBXBuildFile; fileRef = 3C3F5FB02B7DBD71004C3BC0 /* SDL2_image.framework */; };
		3C3F5FB42B7DBD71004C3BC0 /* SDL2_mixer.framework in Frameworks */ = {isa = PBXBuildFile; fileRef = 3C3F5FB12B7DBD71004C3BC0 /* SDL2_mixer.framework */; };
		3C80919B2B7E647700FF751E /* SDL2_image.framework in CopyFiles */ = {isa = PBXBuildFile; fileRef = 3C3F5FB02B7DBD71004C3BC0 /* SDL2_image.framework */; settings = {ATTRIBUTES = (RemoveHeadersOnCopy, ); }; };
		3C80919C2B7E647700FF751E /* SDL2_mixer.framework in CopyFiles */ = {isa = PBXBuildFile; fileRef = 3C3F5FB12B7DBD71004C3BC0 /* SDL2_mixer.framework */; settings = {ATTRIBUTES = (RemoveHeadersOnCopy, ); }; };
		3C80919D2B7E647700FF751E /* SDL2.framework in CopyFiles */ = {isa = PBXBuildFile; fileRef = 3C3F5FAF2B7DBD71004C3BC0 /* SDL2.framework */; settings = {ATTRIBUTES = (RemoveHeadersOnCopy, ); }; };
		3C80919E2B7E647700FF751E /* Cocoa.framework in CopyFiles */ = {isa = PBXBuildFile; fileRef = 3C3F5FAD2B7DBD5F004C3BC0 /* Cocoa.framework */; settings = {ATTRIBUTES = (RemoveHeadersOnCopy, ); }; };
		3C80919F2B7E647700FF751E /* OpenGL.framework in CopyFiles */ = {isa = PBXBuildFile; fileRef = 3C3F5FAB2B7DBD50004C3BC0 /* OpenGL.framework */; settings = {ATTRIBUTES = (RemoveHeadersOnCopy, ); }; };
		3C8091A02B7E647D00FF751E /* shaders in CopyFiles */ = {isa = PBXBuildFile; fileRef = 3C3F5FA42B7DBC95004C3BC0 /* shaders */; };
		3CC74C412B928F0C000A3F1E /* assets in CopyFiles */ = {isa = PBXBuildFile; fileRef = 3CC74C402B928F0C000A3F1E /* assets */; };
/* End PBXBuildFile section */

/* Begin PBXCopyFilesBuildPhase section */
		3C3F5F982B7DBC23004C3BC0 /* CopyFiles */ = {
			isa = PBXCopyFilesBuildPhase;
			buildActionMask = 12;
			dstPath = "";
			dstSubfolderSpec = 6;
			files = (
				3CC74C412B928F0C000A3F1E /* assets in CopyFiles */,
				3C8091A02B7E647D00FF751E /* shaders in CopyFiles */,
				3C80919B2B7E647700FF751E /* SDL2_image.framework in CopyFiles */,
				3C80919C2B7E647700FF751E /* SDL2_mixer.framework in CopyFiles */,
				3C80919D2B7E647700FF751E /* SDL2.framework in CopyFiles */,
				3C80919E2B7E647700FF751E /* Cocoa.framework in CopyFiles */,
				3C80919F2B7E647700FF751E /* OpenGL.framework in CopyFiles */,
			);
			runOnlyForDeploymentPostprocessing = 0;
		};
/* End PBXCopyFilesBuildPhase section */

/* Begin PBXFileReference section */
		3C3F5F9A2B7DBC23004C3BC0 /* Draw2D */ = {isa = PBXFileReference; explicitFileType = "compiled.mach-o.executable"; includeInIndex = 0; path = Draw2D; sourceTree = BUILT_PRODUCTS_DIR; };
		3C3F5F9D2B7DBC23004C3BC0 /* main.cpp */ = {isa = PBXFileReference; lastKnownFileType = sourcecode.cpp.cpp; path = main.cpp; sourceTree = "<group>"; };
		3C3F5FA42B7DBC95004C3BC0 /* shaders */ = {isa = PBXFileReference; lastKnownFileType = folder; path = shaders; sourceTree = "<group>"; };
		3C3F5FA52B7DBC95004C3BC0 /* stb_image.h */ = {isa = PBXFileReference; fileEncoding = 4; lastKnownFileType = sourcecode.c.h; path = stb_image.h; sourceTree = "<group>"; };
		3C3F5FA62B7DBC95004C3BC0 /* ShaderProgram.cpp */ = {isa = PBXFileReference; fileEncoding = 4; lastKnownFileType = sourcecode.cpp.cpp; path = ShaderProgram.cpp; sourceTree = "<group>"; };
		3C3F5FA72B7DBC96004C3BC0 /* glm */ = {isa = PBXFileReference; lastKnownFileType = folder; path = glm; sourceTree = "<group>"; };
		3C3F5FA82B7DBC96004C3BC0 /* ShaderProgram.h */ = {isa = PBXFileReference; fileEncoding = 4; lastKnownFileType = sourcecode.c.h; path = ShaderProgram.h; sourceTree = "<group>"; };
		3C3F5FAB2B7DBD50004C3BC0 /* OpenGL.framework */ = {isa = PBXFileReference; lastKnownFileType = wrapper.framework; name = OpenGL.framework; path = System/Library/Frameworks/OpenGL.framework; sourceTree = SDKROOT; };
		3C3F5FAD2B7DBD5F004C3BC0 /* Cocoa.framework */ = {isa = PBXFileReference; lastKnownFileType = wrapper.framework; name = Cocoa.framework; path = System/Library/Frameworks/Cocoa.framework; sourceTree = SDKROOT; };
		3C3F5FAF2B7DBD71004C3BC0 /* SDL2.framework */ = {isa = PBXFileReference; lastKnownFileType = wrapper.framework; name = SDL2.framework; path = ../../../../../Library/Frameworks/SDL2.framework; sourceTree = "<group>"; };
		3C3F5FB02B7DBD71004C3BC0 /* SDL2_image.framework */ = {isa = PBXFileReference; lastKnownFileType = wrapper.framework; name = SDL2_image.framework; path = ../../../../../Library/Frameworks/SDL2_image.framework; sourceTree = "<group>"; };
		3C3F5FB12B7DBD71004C3BC0 /* SDL2_mixer.framework */ = {isa = PBXFileReference; lastKnownFileType = wrapper.framework; name = SDL2_mixer.framework; path = ../../../../../Library/Frameworks/SDL2_mixer.framework; sourceTree = "<group>"; };
		3CC74C402B928F0C000A3F1E /* assets */ = {isa = PBXFileReference; lastKnownFileType = folder; path = assets; sourceTree = "<group>"; };
/* End PBXFileReference section */

/* Begin PBXFrameworksBuildPhase section */
		3C3F5F972B7DBC23004C3BC0 /* Frameworks */ = {
			isa = PBXFrameworksBuildPhase;
			buildActionMask = 2147483647;
			files = (
				3C3F5FB22B7DBD71004C3BC0 /* SDL2.framework in Frameworks */,
				3C3F5FB32B7DBD71004C3BC0 /* SDL2_image.framework in Frameworks */,
				3C3F5FB42B7DBD71004C3BC0 /* SDL2_mixer.framework in Frameworks */,
				3C3F5FAE2B7DBD5F004C3BC0 /* Cocoa.framework in Frameworks */,
				3C3F5FAC2B7DBD50004C3BC0 /* OpenGL.framework in Frameworks */,
			);
			runOnlyForDeploymentPostprocessing = 0;
		};
/* End PBXFrameworksBuildPhase section */

/* Begin PBXGroup section */
		3C3F5F912B7DBC23004C3BC0 = {
			isa = PBXGroup;
			children = (
				3CC74C402B928F0C000A3F1E /* assets */,
				3C3F5F9C2B7DBC23004C3BC0 /* Draw2D */,
				3C3F5F9B2B7DBC23004C3BC0 /* Products */,
				3C3F5FAA2B7DBD50004C3BC0 /* Frameworks */,
			);
			sourceTree = "<group>";
		};
		3C3F5F9B2B7DBC23004C3BC0 /* Products */ = {
			isa = PBXGroup;
			children = (
				3C3F5F9A2B7DBC23004C3BC0 /* Draw2D */,
			);
			name = Products;
			sourceTree = "<group>";
		};
		3C3F5F9C2B7DBC23004C3BC0 /* Draw2D */ = {
			isa = PBXGroup;
			children = (
				3C3F5FA72B7DBC96004C3BC0 /* glm */,
				3C3F5FA62B7DBC95004C3BC0 /* ShaderProgram.cpp */,
				3C3F5FA82B7DBC96004C3BC0 /* ShaderProgram.h */,
				3C3F5FA42B7DBC95004C3BC0 /* shaders */,
				3C3F5FA52B7DBC95004C3BC0 /* stb_image.h */,
				3C3F5F9D2B7DBC23004C3BC0 /* main.cpp */,
			);
			path = Draw2D;
			sourceTree = "<group>";
		};
		3C3F5FAA2B7DBD50004C3BC0 /* Frameworks */ = {
			isa = PBXGroup;
			children = (
				3C3F5FB02B7DBD71004C3BC0 /* SDL2_image.framework */,
				3C3F5FB12B7DBD71004C3BC0 /* SDL2_mixer.framework */,
				3C3F5FAF2B7DBD71004C3BC0 /* SDL2.framework */,
				3C3F5FAD2B7DBD5F004C3BC0 /* Cocoa.framework */,
				3C3F5FAB2B7DBD50004C3BC0 /* OpenGL.framework */,
			);
			name = Frameworks;
			sourceTree = "<group>";
		};
/* End PBXGroup section */

/* Begin PBXNativeTarget section */
		3C3F5F992B7DBC23004C3BC0 /* Draw2D */ = {
			isa = PBXNativeTarget;
			buildConfigurationList = 3C3F5FA12B7DBC23004C3BC0 /* Build configuration list for PBXNativeTarget "Draw2D" */;
			buildPhases = (
				3C3F5F962B7DBC23004C3BC0 /* Sources */,
				3C3F5F972B7DBC23004C3BC0 /* Frameworks */,
				3C3F5F982B7DBC23004C3BC0 /* CopyFiles */,
			);
			buildRules = (
			);
			dependencies = (
			);
			name = Draw2D;
			productName = Draw2D;
			productReference = 3C3F5F9A2B7DBC23004C3BC0 /* Draw2D */;
			productType = "com.apple.product-type.tool";
		};
/* End PBXNativeTarget section */

/* Begin PBXProject section */
		3C3F5F922B7DBC23004C3BC0 /* Project object */ = {
			isa = PBXProject;
			attributes = {
				BuildIndependentTargetsInParallel = 1;
				LastUpgradeCheck = 1500;
				TargetAttributes = {
					3C3F5F992B7DBC23004C3BC0 = {
						CreatedOnToolsVersion = 15.0;
					};
				};
			};
			buildConfigurationList = 3C3F5F952B7DBC23004C3BC0 /* Build configuration list for PBXProject "Draw2D" */;
			compatibilityVersion = "Xcode 14.0";
			developmentRegion = en;
			hasScannedForEncodings = 0;
			knownRegions = (
				en,
				Base,
			);
			mainGroup = 3C3F5F912B7DBC23004C3BC0;
			productRefGroup = 3C3F5F9B2B7DBC23004C3BC0 /* Products */;
			projectDirPath = "";
			projectRoot = "";
			targets = (
				3C3F5F992B7DBC23004C3BC0 /* Draw2D */,
			);
		};
/* End PBXProject section */

/* Begin PBXSourcesBuildPhase section */
		3C3F5F962B7DBC23004C3BC0 /* Sources */ = {
			isa = PBXSourcesBuildPhase;
			buildActionMask = 2147483647;
			files = (
				3C3F5F9E2B7DBC23004C3BC0 /* main.cpp in Sources */,
				3C3F5FA92B7DBC96004C3BC0 /* ShaderProgram.cpp in Sources */,
			);
			runOnlyForDeploymentPostprocessing = 0;
		};
/* End PBXSourcesBuildPhase section */

/* Begin XCBuildConfiguration section */
		3C3F5F9F2B7DBC23004C3BC0 /* Debug */ = {
			isa = XCBuildConfiguration;
			buildSettings = {
				ALWAYS_SEARCH_USER_PATHS = NO;
				ASSETCATALOG_COMPILER_GENERATE_SWIFT_ASSET_SYMBOL_EXTENSIONS = YES;
				CLANG_ANALYZER_NONNULL = YES;
				CLANG_ANALYZER_NUMBER_OBJECT_CONVERSION = YES_AGGRESSIVE;
				CLANG_CXX_LANGUAGE_STANDARD = "gnu++20";
				CLANG_ENABLE_MODULES = YES;
				CLANG_ENABLE_OBJC_ARC = YES;
				CLANG_ENABLE_OBJC_WEAK = YES;
				CLANG_WARN_BLOCK_CAPTURE_AUTORELEASING = YES;
				CLANG_WARN_BOOL_CONVERSION = YES;
				CLANG_WARN_COMMA = YES;
				CLANG_WARN_CONSTANT_CONVERSION = YES;
				CLANG_WARN_DEPRECATED_OBJC_IMPLEMENTATIONS = YES;
				CLANG_WARN_DIRECT_OBJC_ISA_USAGE = YES_ERROR;
				CLANG_WARN_DOCUMENTATION_COMMENTS = YES;
				CLANG_WARN_EMPTY_BODY = YES;
				CLANG_WARN_ENUM_CONVERSION = YES;
				CLANG_WARN_INFINITE_RECURSION = YES;
				CLANG_WARN_INT_CONVERSION = YES;
				CLANG_WARN_NON_LITERAL_NULL_CONVERSION = YES;
				CLANG_WARN_OBJC_IMPLICIT_RETAIN_SELF = YES;
				CLANG_WARN_OBJC_LITERAL_CONVERSION = YES;
				CLANG_WARN_OBJC_ROOT_CLASS = YES_ERROR;
				CLANG_WARN_QUOTED_INCLUDE_IN_FRAMEWORK_HEADER = YES;
				CLANG_WARN_RANGE_LOOP_ANALYSIS = YES;
				CLANG_WARN_STRICT_PROTOTYPES = YES;
				CLANG_WARN_SUSPICIOUS_MOVE = YES;
				CLANG_WARN_UNGUARDED_AVAILABILITY = YES_AGGRESSIVE;
				CLANG_WARN_UNREACHABLE_CODE = YES;
				CLANG_WARN__DUPLICATE_METHOD_MATCH = YES;
				COPY_PHASE_STRIP = NO;
				DEBUG_INFORMATION_FORMAT = dwarf;
				ENABLE_STRICT_OBJC_MSGSEND = YES;
				ENABLE_TESTABILITY = YES;
				ENABLE_USER_SCRIPT_SANDBOXING = YES;
				GCC_C_LANGUAGE_STANDARD = gnu17;
				GCC_DYNAMIC_NO_PIC = NO;
				GCC_NO_COMMON_BLOCKS = YES;
				GCC_OPTIMIZATION_LEVEL = 0;
				GCC_PREPROCESSOR_DEFINITIONS = (
					"DEBUG=1",
					"$(inherited)",
				);
				GCC_WARN_64_TO_32_BIT_CONVERSION = YES;
				GCC_WARN_ABOUT_RETURN_TYPE = YES_ERROR;
				GCC_WARN_UNDECLARED_SELECTOR = YES;
				GCC_WARN_UNINITIALIZED_AUTOS = YES_AGGRESSIVE;
				GCC_WARN_UNUSED_FUNCTION = YES;
				GCC_WARN_UNUSED_VARIABLE = YES;
				LOCALIZATION_PREFERS_STRING_CATALOGS = YES;
				MACOSX_DEPLOYMENT_TARGET = 14.0;
				MTL_ENABLE_DEBUG_INFO = INCLUDE_SOURCE;
				MTL_FAST_MATH = YES;
				ONLY_ACTIVE_ARCH = YES;
				SDKROOT = macosx;
			};
			name = Debug;
		};
		3C3F5FA02B7DBC23004C3BC0 /* Release */ = {
			isa = XCBuildConfiguration;
			buildSettings = {
				ALWAYS_SEARCH_USER_PATHS = NO;
				ASSETCATALOG_COMPILER_GENERATE_SWIFT_ASSET_SYMBOL_EXTENSIONS = YES;
				CLANG_ANALYZER_NONNULL = YES;
				CLANG_ANALYZER_NUMBER_OBJECT_CONVERSION = YES_AGGRESSIVE;
				CLANG_CXX_LANGUAGE_STANDARD = "gnu++20";
				CLANG_ENABLE_MODULES = YES;
				CLANG_ENABLE_OBJC_ARC = YES;
				CLANG_ENABLE_OBJC_WEAK = YES;
				CLANG_WARN_BLOCK_CAPTURE_AUTORELEASING = YES;
				CLANG_WARN_BOOL_CONVERSION = YES;
				CLANG_WARN_COMMA = YES;
				CLANG_WARN_CONSTANT_CONVERSION = YES;
				CLANG_WARN_DEPRECATED_OBJC_IMPLEMENTATIONS = YES;
				CLANG_WARN_DIRECT_OBJC_ISA_USAGE = YES_ERROR;
				CLANG_WARN_DOCUMENTATION_COMMENTS = YES;
				CLANG_WARN_EMPTY_BODY = YES;
				CLANG_WARN_ENUM_CONVERSION = YES;
				CLANG_WARN_INFINITE_RECURSION = YES;
				CLANG_WARN_INT_CONVERSION = YES;
				CLANG_WARN_NON_LITERAL_NULL_CONVERSION = YES;
				CLANG_WARN_OBJC_IMPLICIT_RETAIN_SELF = YES;
				CLANG_WARN_OBJC_LITERAL_CONVERSION = YES;
				CLANG_WARN_OBJC_ROOT_CLASS = YES_ERROR;
				CLANG_WARN_QUOTED_INCLUDE_IN_FRAMEWORK_HEADER = YES;
				CLANG_WARN_RANGE_LOOP_ANALYSIS = YES;
				CLANG_WARN_STRICT_PROTOTYPES = YES;
				CLANG_WARN_SUSPICIOUS_MOVE = YES;
				CLANG_WARN_UNGUARDED_AVAILABILITY = YES_AGGRESSIVE;
				CLANG_WARN_UNREACHABLE_CODE = YES;
				CLANG_WARN__DUPLICATE_METHOD_MATCH = YES;
				COPY_PHASE_STRIP = NO;
				DEBUG_INFORMATION_FORMAT = "dwarf-with-dsym";
				ENABLE_NS_ASSERTIONS = NO;
				ENABLE_STRICT_OBJC_MSGSEND = YES;
				ENABLE_USER_SCRIPT_SANDBOXING = YES;
				GCC_C_LANGUAGE_STANDARD = gnu17;
				GCC_NO_COMMON_BLOCKS = YES;
				GCC_WARN_64_TO_32_BIT_CONVERSION = YES;
				GCC_WARN_ABOUT_RETURN_TYPE = YES_ERROR;
				GCC_WARN_UNDECLARED_SELECTOR = YES;
				GCC_WARN_UNINITIALIZED_AUTOS = YES_AGGRESSIVE;
				GCC_WARN_UNUSED_FUNCTION = YES;
				GCC_WARN_UNUSED_VARIABLE = YES;
				LOCALIZATION_PREFERS_STRING_CATALOGS = YES;
				MACOSX_DEPLOYMENT_TARGET = 14.0;
				MTL_ENABLE_DEBUG_INFO = NO;
				MTL_FAST_MATH = YES;
				SDKROOT = macosx;
			};
			name = Release;
		};
		3C3F5FA22B7DBC23004C3BC0 /* Debug */ = {
			isa = XCBuildConfiguration;
			buildSettings = {
				CODE_SIGN_STYLE = Automatic;
				FRAMEWORK_SEARCH_PATHS = (
					"$(inherited)",
					"$(LOCAL_LIBRARY_DIR)/Frameworks",
				);
				"HEADER_SEARCH_PATHS[arch=*]" = (
					/Library/Frameworks/SDL2_image.framework/Versions/A/Headers,
					/Library/Frameworks/SDL2.framework/Versions/A/Headers,
				);
				PRODUCT_NAME = "$(TARGET_NAME)";
			};
			name = Debug;
		};
		3C3F5FA32B7DBC23004C3BC0 /* Release */ = {
			isa = XCBuildConfiguration;
			buildSettings = {
				CODE_SIGN_STYLE = Automatic;
				FRAMEWORK_SEARCH_PATHS = (
					"$(inherited)",
					"$(LOCAL_LIBRARY_DIR)/Frameworks",
				);
				PRODUCT_NAME = "$(TARGET_NAME)";
			};
			name = Release;
		};
/* End XCBuildConfiguration section */

/* Begin XCConfigurationList section */
		3C3F5F952B7DBC23004C3BC0 /* Build configuration list for PBXProject "Draw2D" */ = {
			isa = XCConfigurationList;
			buildConfigurations = (
				3C3F5F9F2B7DBC23004C3BC0 /* Debug */,
				3C3F5FA02B7DBC23004C3BC0 /* Release */,
			);
			defaultConfigurationIsVisible = 0;
			defaultConfigurationName = Release;
		};
		3C3F5FA12B7DBC23004C3BC0 /* Build configuration list for PBXNativeTarget "Draw2D" */ = {
			isa = XCConfigurationList;
			buildConfigurations = (
				3C3F5FA22B7DBC23004C3BC0 /* Debug */,
				3C3F5FA32B7DBC23004C3BC0 /* Release */,
			);
			defaultConfigurationIsVisible = 0;
			defaultConfigurationName = Release;
		};
/* End XCConfigurationList section */
	};
	rootObject = 3C3F5F922B7DBC23004C3BC0 /* Project object */;
}
