// !$*UTF8*$!
{
	archiveVersion = 1;
	classes = {
	};
	objectVersion = 56;
	objects = {

/* Begin PBXBuildFile section */
		3CC74C572B9655DE000A3F1E /* main.cpp in Sources */ = {isa = PBXBuildFile; fileRef = 3CC74C562B9655DE000A3F1E /* main.cpp */; };
		3CC74C642B965747000A3F1E /* ShaderProgram.cpp in Sources */ = {isa = PBXBuildFile; fileRef = 3CC74C632B965734000A3F1E /* ShaderProgram.cpp */; };
		3CC74C672B965760000A3F1E /* Cocoa.framework in Frameworks */ = {isa = PBXBuildFile; fileRef = 3CC74C662B965760000A3F1E /* Cocoa.framework */; };
		3CC74C692B96576B000A3F1E /* OpenGL.framework in Frameworks */ = {isa = PBXBuildFile; fileRef = 3CC74C682B96576B000A3F1E /* OpenGL.framework */; };
		3CC74C6D2B965795000A3F1E /* SDL2_image.framework in Frameworks */ = {isa = PBXBuildFile; fileRef = 3CC74C6A2B965795000A3F1E /* SDL2_image.framework */; };
		3CC74C6E2B965795000A3F1E /* SDL2_mixer.framework in Frameworks */ = {isa = PBXBuildFile; fileRef = 3CC74C6B2B965795000A3F1E /* SDL2_mixer.framework */; };
		3CC74C6F2B965795000A3F1E /* SDL2.framework in Frameworks */ = {isa = PBXBuildFile; fileRef = 3CC74C6C2B965795000A3F1E /* SDL2.framework */; };
		3CC74C702B9657B0000A3F1E /* glm in CopyFiles */ = {isa = PBXBuildFile; fileRef = 3CC74C5F2B9655FB000A3F1E /* glm */; };
/* End PBXBuildFile section */

/* Begin PBXCopyFilesBuildPhase section */
		3CC74C512B9655DE000A3F1E /* CopyFiles */ = {
			isa = PBXCopyFilesBuildPhase;
			buildActionMask = 12;
			dstPath = "";
			dstSubfolderSpec = 6;
			files = (
				3CC74C702B9657B0000A3F1E /* glm in CopyFiles */,
			);
			runOnlyForDeploymentPostprocessing = 0;
		};
/* End PBXCopyFilesBuildPhase section */

/* Begin PBXFileReference section */
		3CC74C532B9655DE000A3F1E /* Lunar Lander */ = {isa = PBXFileReference; explicitFileType = "compiled.mach-o.executable"; includeInIndex = 0; path = "Lunar Lander"; sourceTree = BUILT_PRODUCTS_DIR; };
		3CC74C562B9655DE000A3F1E /* main.cpp */ = {isa = PBXFileReference; lastKnownFileType = sourcecode.cpp.cpp; path = main.cpp; sourceTree = "<group>"; };
		3CC74C5E2B9655FB000A3F1E /* shaders */ = {isa = PBXFileReference; lastKnownFileType = folder; path = shaders; sourceTree = "<group>"; };
		3CC74C5F2B9655FB000A3F1E /* glm */ = {isa = PBXFileReference; lastKnownFileType = folder; path = glm; sourceTree = "<group>"; };
		3CC74C602B9655FB000A3F1E /* ShaderProgram.h */ = {isa = PBXFileReference; fileEncoding = 4; lastKnownFileType = sourcecode.c.h; path = ShaderProgram.h; sourceTree = "<group>"; };
		3CC74C612B9655FB000A3F1E /* stb_image.h */ = {isa = PBXFileReference; fileEncoding = 4; lastKnownFileType = sourcecode.c.h; path = stb_image.h; sourceTree = "<group>"; };
		3CC74C632B965734000A3F1E /* ShaderProgram.cpp */ = {isa = PBXFileReference; lastKnownFileType = sourcecode.cpp.cpp; path = ShaderProgram.cpp; sourceTree = "<group>"; };
		3CC74C662B965760000A3F1E /* Cocoa.framework */ = {isa = PBXFileReference; lastKnownFileType = wrapper.framework; name = Cocoa.framework; path = System/Library/Frameworks/Cocoa.framework; sourceTree = SDKROOT; };
		3CC74C682B96576B000A3F1E /* OpenGL.framework */ = {isa = PBXFileReference; lastKnownFileType = wrapper.framework; name = OpenGL.framework; path = System/Library/Frameworks/OpenGL.framework; sourceTree = SDKROOT; };
		3CC74C6A2B965795000A3F1E /* SDL2_image.framework */ = {isa = PBXFileReference; lastKnownFileType = wrapper.framework; name = SDL2_image.framework; path = ../../../../../Library/Frameworks/SDL2_image.framework; sourceTree = "<group>"; };
		3CC74C6B2B965795000A3F1E /* SDL2_mixer.framework */ = {isa = PBXFileReference; lastKnownFileType = wrapper.framework; name = SDL2_mixer.framework; path = ../../../../../Library/Frameworks/SDL2_mixer.framework; sourceTree = "<group>"; };
		3CC74C6C2B965795000A3F1E /* SDL2.framework */ = {isa = PBXFileReference; lastKnownFileType = wrapper.framework; name = SDL2.framework; path = ../../../../../Library/Frameworks/SDL2.framework; sourceTree = "<group>"; };
/* End PBXFileReference section */

/* Begin PBXFrameworksBuildPhase section */
		3CC74C502B9655DE000A3F1E /* Frameworks */ = {
			isa = PBXFrameworksBuildPhase;
			buildActionMask = 2147483647;
			files = (
				3CC74C6D2B965795000A3F1E /* SDL2_image.framework in Frameworks */,
				3CC74C6E2B965795000A3F1E /* SDL2_mixer.framework in Frameworks */,
				3CC74C6F2B965795000A3F1E /* SDL2.framework in Frameworks */,
				3CC74C692B96576B000A3F1E /* OpenGL.framework in Frameworks */,
				3CC74C672B965760000A3F1E /* Cocoa.framework in Frameworks */,
			);
			runOnlyForDeploymentPostprocessing = 0;
		};
/* End PBXFrameworksBuildPhase section */

/* Begin PBXGroup section */
		3CC74C4A2B9655DE000A3F1E = {
			isa = PBXGroup;
			children = (
				3CC74C552B9655DE000A3F1E /* Lunar Lander */,
				3CC74C542B9655DE000A3F1E /* Products */,
				3CC74C652B965760000A3F1E /* Frameworks */,
			);
			sourceTree = "<group>";
		};
		3CC74C542B9655DE000A3F1E /* Products */ = {
			isa = PBXGroup;
			children = (
				3CC74C532B9655DE000A3F1E /* Lunar Lander */,
			);
			name = Products;
			sourceTree = "<group>";
		};
		3CC74C552B9655DE000A3F1E /* Lunar Lander */ = {
			isa = PBXGroup;
			children = (
				3CC74C612B9655FB000A3F1E /* stb_image.h */,
				3CC74C5E2B9655FB000A3F1E /* shaders */,
				3CC74C632B965734000A3F1E /* ShaderProgram.cpp */,
				3CC74C602B9655FB000A3F1E /* ShaderProgram.h */,
				3CC74C5F2B9655FB000A3F1E /* glm */,
				3CC74C562B9655DE000A3F1E /* main.cpp */,
			);
			path = "Lunar Lander";
			sourceTree = "<group>";
		};
		3CC74C652B965760000A3F1E /* Frameworks */ = {
			isa = PBXGroup;
			children = (
				3CC74C6A2B965795000A3F1E /* SDL2_image.framework */,
				3CC74C6B2B965795000A3F1E /* SDL2_mixer.framework */,
				3CC74C6C2B965795000A3F1E /* SDL2.framework */,
				3CC74C682B96576B000A3F1E /* OpenGL.framework */,
				3CC74C662B965760000A3F1E /* Cocoa.framework */,
			);
			name = Frameworks;
			sourceTree = "<group>";
		};
/* End PBXGroup section */

/* Begin PBXNativeTarget section */
		3CC74C522B9655DE000A3F1E /* Lunar Lander */ = {
			isa = PBXNativeTarget;
			buildConfigurationList = 3CC74C5A2B9655DE000A3F1E /* Build configuration list for PBXNativeTarget "Lunar Lander" */;
			buildPhases = (
				3CC74C4F2B9655DE000A3F1E /* Sources */,
				3CC74C502B9655DE000A3F1E /* Frameworks */,
				3CC74C512B9655DE000A3F1E /* CopyFiles */,
			);
			buildRules = (
			);
			dependencies = (
			);
			name = "Lunar Lander";
			productName = "Lunar Lander";
			productReference = 3CC74C532B9655DE000A3F1E /* Lunar Lander */;
			productType = "com.apple.product-type.tool";
		};
/* End PBXNativeTarget section */

/* Begin PBXProject section */
		3CC74C4B2B9655DE000A3F1E /* Project object */ = {
			isa = PBXProject;
			attributes = {
				BuildIndependentTargetsInParallel = 1;
				LastUpgradeCheck = 1500;
				TargetAttributes = {
					3CC74C522B9655DE000A3F1E = {
						CreatedOnToolsVersion = 15.0;
					};
				};
			};
			buildConfigurationList = 3CC74C4E2B9655DE000A3F1E /* Build configuration list for PBXProject "Lunar Lander" */;
			compatibilityVersion = "Xcode 14.0";
			developmentRegion = en;
			hasScannedForEncodings = 0;
			knownRegions = (
				en,
				Base,
			);
			mainGroup = 3CC74C4A2B9655DE000A3F1E;
			productRefGroup = 3CC74C542B9655DE000A3F1E /* Products */;
			projectDirPath = "";
			projectRoot = "";
			targets = (
				3CC74C522B9655DE000A3F1E /* Lunar Lander */,
			);
		};
/* End PBXProject section */

/* Begin PBXSourcesBuildPhase section */
		3CC74C4F2B9655DE000A3F1E /* Sources */ = {
			isa = PBXSourcesBuildPhase;
			buildActionMask = 2147483647;
			files = (
				3CC74C572B9655DE000A3F1E /* main.cpp in Sources */,
				3CC74C642B965747000A3F1E /* ShaderProgram.cpp in Sources */,
			);
			runOnlyForDeploymentPostprocessing = 0;
		};
/* End PBXSourcesBuildPhase section */

/* Begin XCBuildConfiguration section */
		3CC74C582B9655DE000A3F1E /* Debug */ = {
			isa = XCBuildConfiguration;
			buildSettings = {
				ALWAYS_SEARCH_USER_PATHS = NO;
				ASSETCATALOG_COMPILER_GENERATE_SWIFT_ASSET_SYMBOL_EXTENSIONS = YES;
				CLANG_ANALYZER_NONNULL = YES;
				CLANG_ANALYZER_NUMBER_OBJECT_CONVERSION = YES_AGGRESSIVE;
				CLANG_CXX_LANGUAGE_STANDARD = "gnu++20";
				CLANG_ENABLE_MODULES = YES;
				CLANG_ENABLE_OBJC_ARC = YES;
				CLANG_ENABLE_OBJC_WEAK = YES;
				CLANG_WARN_BLOCK_CAPTURE_AUTORELEASING = YES;
				CLANG_WARN_BOOL_CONVERSION = YES;
				CLANG_WARN_COMMA = YES;
				CLANG_WARN_CONSTANT_CONVERSION = YES;
				CLANG_WARN_DEPRECATED_OBJC_IMPLEMENTATIONS = YES;
				CLANG_WARN_DIRECT_OBJC_ISA_USAGE = YES_ERROR;
				CLANG_WARN_DOCUMENTATION_COMMENTS = YES;
				CLANG_WARN_EMPTY_BODY = YES;
				CLANG_WARN_ENUM_CONVERSION = YES;
				CLANG_WARN_INFINITE_RECURSION = YES;
				CLANG_WARN_INT_CONVERSION = YES;
				CLANG_WARN_NON_LITERAL_NULL_CONVERSION = YES;
				CLANG_WARN_OBJC_IMPLICIT_RETAIN_SELF = YES;
				CLANG_WARN_OBJC_LITERAL_CONVERSION = YES;
				CLANG_WARN_OBJC_ROOT_CLASS = YES_ERROR;
				CLANG_WARN_QUOTED_INCLUDE_IN_FRAMEWORK_HEADER = YES;
				CLANG_WARN_RANGE_LOOP_ANALYSIS = YES;
				CLANG_WARN_STRICT_PROTOTYPES = YES;
				CLANG_WARN_SUSPICIOUS_MOVE = YES;
				CLANG_WARN_UNGUARDED_AVAILABILITY = YES_AGGRESSIVE;
				CLANG_WARN_UNREACHABLE_CODE = YES;
				CLANG_WARN__DUPLICATE_METHOD_MATCH = YES;
				COPY_PHASE_STRIP = NO;
				DEBUG_INFORMATION_FORMAT = dwarf;
				ENABLE_STRICT_OBJC_MSGSEND = YES;
				ENABLE_TESTABILITY = YES;
				ENABLE_USER_SCRIPT_SANDBOXING = YES;
				GCC_C_LANGUAGE_STANDARD = gnu17;
				GCC_DYNAMIC_NO_PIC = NO;
				GCC_NO_COMMON_BLOCKS = YES;
				GCC_OPTIMIZATION_LEVEL = 0;
				GCC_PREPROCESSOR_DEFINITIONS = (
					"DEBUG=1",
					"$(inherited)",
				);
				GCC_WARN_64_TO_32_BIT_CONVERSION = YES;
				GCC_WARN_ABOUT_RETURN_TYPE = YES_ERROR;
				GCC_WARN_UNDECLARED_SELECTOR = YES;
				GCC_WARN_UNINITIALIZED_AUTOS = YES_AGGRESSIVE;
				GCC_WARN_UNUSED_FUNCTION = YES;
				GCC_WARN_UNUSED_VARIABLE = YES;
				LOCALIZATION_PREFERS_STRING_CATALOGS = YES;
				MACOSX_DEPLOYMENT_TARGET = 14.0;
				MTL_ENABLE_DEBUG_INFO = INCLUDE_SOURCE;
				MTL_FAST_MATH = YES;
				ONLY_ACTIVE_ARCH = YES;
				SDKROOT = macosx;
			};
			name = Debug;
		};
		3CC74C592B9655DE000A3F1E /* Release */ = {
			isa = XCBuildConfiguration;
			buildSettings = {
				ALWAYS_SEARCH_USER_PATHS = NO;
				ASSETCATALOG_COMPILER_GENERATE_SWIFT_ASSET_SYMBOL_EXTENSIONS = YES;
				CLANG_ANALYZER_NONNULL = YES;
				CLANG_ANALYZER_NUMBER_OBJECT_CONVERSION = YES_AGGRESSIVE;
				CLANG_CXX_LANGUAGE_STANDARD = "gnu++20";
				CLANG_ENABLE_MODULES = YES;
				CLANG_ENABLE_OBJC_ARC = YES;
				CLANG_ENABLE_OBJC_WEAK = YES;
				CLANG_WARN_BLOCK_CAPTURE_AUTORELEASING = YES;
				CLANG_WARN_BOOL_CONVERSION = YES;
				CLANG_WARN_COMMA = YES;
				CLANG_WARN_CONSTANT_CONVERSION = YES;
				CLANG_WARN_DEPRECATED_OBJC_IMPLEMENTATIONS = YES;
				CLANG_WARN_DIRECT_OBJC_ISA_USAGE = YES_ERROR;
				CLANG_WARN_DOCUMENTATION_COMMENTS = YES;
				CLANG_WARN_EMPTY_BODY = YES;
				CLANG_WARN_ENUM_CONVERSION = YES;
				CLANG_WARN_INFINITE_RECURSION = YES;
				CLANG_WARN_INT_CONVERSION = YES;
				CLANG_WARN_NON_LITERAL_NULL_CONVERSION = YES;
				CLANG_WARN_OBJC_IMPLICIT_RETAIN_SELF = YES;
				CLANG_WARN_OBJC_LITERAL_CONVERSION = YES;
				CLANG_WARN_OBJC_ROOT_CLASS = YES_ERROR;
				CLANG_WARN_QUOTED_INCLUDE_IN_FRAMEWORK_HEADER = YES;
				CLANG_WARN_RANGE_LOOP_ANALYSIS = YES;
				CLANG_WARN_STRICT_PROTOTYPES = YES;
				CLANG_WARN_SUSPICIOUS_MOVE = YES;
				CLANG_WARN_UNGUARDED_AVAILABILITY = YES_AGGRESSIVE;
				CLANG_WARN_UNREACHABLE_CODE = YES;
				CLANG_WARN__DUPLICATE_METHOD_MATCH = YES;
				COPY_PHASE_STRIP = NO;
				DEBUG_INFORMATION_FORMAT = "dwarf-with-dsym";
				ENABLE_NS_ASSERTIONS = NO;
				ENABLE_STRICT_OBJC_MSGSEND = YES;
				ENABLE_USER_SCRIPT_SANDBOXING = YES;
				GCC_C_LANGUAGE_STANDARD = gnu17;
				GCC_NO_COMMON_BLOCKS = YES;
				GCC_WARN_64_TO_32_BIT_CONVERSION = YES;
				GCC_WARN_ABOUT_RETURN_TYPE = YES_ERROR;
				GCC_WARN_UNDECLARED_SELECTOR = YES;
				GCC_WARN_UNINITIALIZED_AUTOS = YES_AGGRESSIVE;
				GCC_WARN_UNUSED_FUNCTION = YES;
				GCC_WARN_UNUSED_VARIABLE = YES;
				LOCALIZATION_PREFERS_STRING_CATALOGS = YES;
				MACOSX_DEPLOYMENT_TARGET = 14.0;
				MTL_ENABLE_DEBUG_INFO = NO;
				MTL_FAST_MATH = YES;
				SDKROOT = macosx;
			};
			name = Release;
		};
		3CC74C5B2B9655DE000A3F1E /* Debug */ = {
			isa = XCBuildConfiguration;
			buildSettings = {
				CODE_SIGN_STYLE = Automatic;
				FRAMEWORK_SEARCH_PATHS = (
					"$(inherited)",
					"$(LOCAL_LIBRARY_DIR)/Frameworks",
				);
				"HEADER_SEARCH_PATHS[arch=*]" = (
					/Library/Frameworks/SDL2_image.framework/Versions/A/Headers,
					/Library/Frameworks/SDL2.framework/Versions/A/Headers,
				);
				PRODUCT_NAME = "$(TARGET_NAME)";
			};
			name = Debug;
		};
		3CC74C5C2B9655DE000A3F1E /* Release */ = {
			isa = XCBuildConfiguration;
			buildSettings = {
				CODE_SIGN_STYLE = Automatic;
				FRAMEWORK_SEARCH_PATHS = (
					"$(inherited)",
					"$(LOCAL_LIBRARY_DIR)/Frameworks",
				);
				PRODUCT_NAME = "$(TARGET_NAME)";
			};
			name = Release;
		};
/* End XCBuildConfiguration section */

/* Begin XCConfigurationList section */
		3CC74C4E2B9655DE000A3F1E /* Build configuration list for PBXProject "Lunar Lander" */ = {
			isa = XCConfigurationList;
			buildConfigurations = (
				3CC74C582B9655DE000A3F1E /* Debug */,
				3CC74C592B9655DE000A3F1E /* Release */,
			);
			defaultConfigurationIsVisible = 0;
			defaultConfigurationName = Release;
		};
		3CC74C5A2B9655DE000A3F1E /* Build configuration list for PBXNativeTarget "Lunar Lander" */ = {
			isa = XCConfigurationList;
			buildConfigurations = (
				3CC74C5B2B9655DE000A3F1E /* Debug */,
				3CC74C5C2B9655DE000A3F1E /* Release */,
			);
			defaultConfigurationIsVisible = 0;
			defaultConfigurationName = Release;
		};
/* End XCConfigurationList section */
	};
	rootObject = 3CC74C4B2B9655DE000A3F1E /* Project object */;
}
